
Microsoft Visual Studio Solution File, Format Version 12.00
# Visual Studio Version 17
VisualStudioVersion = 17.2.32616.157
MinimumVisualStudioVersion = 10.0.40219.1
Project("{FAE04EC0-301F-11D3-BF4B-00C04F79EFBC}") = "UmaUmaEditor", "UmaUmaEditor\UmaUmaEditor.csproj", "{C102C454-6A46-4E76-9B73-C2BBBAE8D85A}"
EndProject
Global
	GlobalSection(SolutionConfigurationPlatforms) = preSolution
		Debug|Any CPU = Debug|Any CPU
		Release|Any CPU = Release|Any CPU
	EndGlobalSection
	GlobalSection(ProjectConfigurationPlatforms) = postSolution
		{C102C454-6A46-4E76-9B73-C2BBBAE8D85A}.Debug|Any CPU.ActiveCfg = Debug|Any CPU
		{C102C454-6A46-4E76-9B73-C2BBBAE8D85A}.Debug|Any CPU.Build.0 = Debug|Any CPU
		{C102C454-6A46-4E76-9B73-C2BBBAE8D85A}.Release|Any CPU.ActiveCfg = Release|Any CPU
		{C102C454-6A46-4E76-9B73-C2BBBAE8D85A}.Release|Any CPU.Build.0 = Release|Any CPU
	EndGlobalSection
	GlobalSection(SolutionProperties) = preSolution
		HideSolutionNode = FALSE
	EndGlobalSection
	GlobalSection(ExtensibilityGlobals) = postSolution
		SolutionGuid = {41652711-5D3F-4FDF-84BF-8BEBE329EB92}
	EndGlobalSection
EndGlobal
